// !$*UTF8*$!
{
	archiveVersion = 1;
	classes = {
	};
	objectVersion = 46;
	objects = {

/* Begin PBXBuildFile section */
		3B3A237C1A34BBBC00A7CAE1 /* main.m in Sources */ = {isa = PBXBuildFile; fileRef = 3B3A237B1A34BBBC00A7CAE1 /* main.m */; };
		3B3A237F1A34BBBC00A7CAE1 /* AppDelegate.m in Sources */ = {isa = PBXBuildFile; fileRef = 3B3A237E1A34BBBC00A7CAE1 /* AppDelegate.m */; };
		3B3A23821A34BBBC00A7CAE1 /* ViewController.m in Sources */ = {isa = PBXBuildFile; fileRef = 3B3A23811A34BBBC00A7CAE1 /* ViewController.m */; };
		3B3A23851A34BBBC00A7CAE1 /* Main.storyboard in Resources */ = {isa = PBXBuildFile; fileRef = 3B3A23831A34BBBC00A7CAE1 /* Main.storyboard */; };
		3B3A23871A34BBBC00A7CAE1 /* Images.xcassets in Resources */ = {isa = PBXBuildFile; fileRef = 3B3A23861A34BBBC00A7CAE1 /* Images.xcassets */; };
		3B3A238A1A34BBBC00A7CAE1 /* LaunchScreen.xib in Resources */ = {isa = PBXBuildFile; fileRef = 3B3A23881A34BBBC00A7CAE1 /* LaunchScreen.xib */; };
		3B3A23961A34BBBC00A7CAE1 /* scancardTests.m in Sources */ = {isa = PBXBuildFile; fileRef = 3B3A23951A34BBBC00A7CAE1 /* scancardTests.m */; };
		3B3A23A11A34BCCE00A7CAE1 /* ScanController.m in Sources */ = {isa = PBXBuildFile; fileRef = 3B3A23A01A34BCCE00A7CAE1 /* ScanController.m */; };
/* End PBXBuildFile section */

/* Begin PBXContainerItemProxy section */
		3B3A23901A34BBBC00A7CAE1 /* PBXContainerItemProxy */ = {
			isa = PBXContainerItemProxy;
			containerPortal = 3B3A236E1A34BBBC00A7CAE1 /* Project object */;
			proxyType = 1;
			remoteGlobalIDString = 3B3A23751A34BBBC00A7CAE1;
			remoteInfo = scancard;
		};
/* End PBXContainerItemProxy section */

/* Begin PBXFileReference section */
		3B3A23761A34BBBC00A7CAE1 /* scancard.app */ = {isa = PBXFileReference; explicitFileType = wrapper.application; includeInIndex = 0; path = scancard.app; sourceTree = BUILT_PRODUCTS_DIR; };
		3B3A237A1A34BBBC00A7CAE1 /* Info.plist */ = {isa = PBXFileReference; lastKnownFileType = text.plist.xml; path = Info.plist; sourceTree = "<group>"; };
		3B3A237B1A34BBBC00A7CAE1 /* main.m */ = {isa = PBXFileReference; lastKnownFileType = sourcecode.c.objc; path = main.m; sourceTree = "<group>"; };
		3B3A237D1A34BBBC00A7CAE1 /* AppDelegate.h */ = {isa = PBXFileReference; lastKnownFileType = sourcecode.c.h; path = AppDelegate.h; sourceTree = "<group>"; };
		3B3A237E1A34BBBC00A7CAE1 /* AppDelegate.m */ = {isa = PBXFileReference; lastKnownFileType = sourcecode.c.objc; path = AppDelegate.m; sourceTree = "<group>"; };
		3B3A23801A34BBBC00A7CAE1 /* ViewController.h */ = {isa = PBXFileReference; lastKnownFileType = sourcecode.c.h; path = ViewController.h; sourceTree = "<group>"; };
		3B3A23811A34BBBC00A7CAE1 /* ViewController.m */ = {isa = PBXFileReference; lastKnownFileType = sourcecode.c.objc; path = ViewController.m; sourceTree = "<group>"; };
		3B3A23841A34BBBC00A7CAE1 /* Base */ = {isa = PBXFileReference; lastKnownFileType = file.storyboard; name = Base; path = Base.lproj/Main.storyboard; sourceTree = "<group>"; };
		3B3A23861A34BBBC00A7CAE1 /* Images.xcassets */ = {isa = PBXFileReference; lastKnownFileType = folder.assetcatalog; path = Images.xcassets; sourceTree = "<group>"; };
		3B3A23891A34BBBC00A7CAE1 /* Base */ = {isa = PBXFileReference; lastKnownFileType = file.xib; name = Base; path = Base.lproj/LaunchScreen.xib; sourceTree = "<group>"; };
		3B3A238F1A34BBBC00A7CAE1 /* scancardTests.xctest */ = {isa = PBXFileReference; explicitFileType = wrapper.cfbundle; includeInIndex = 0; path = scancardTests.xctest; sourceTree = BUILT_PRODUCTS_DIR; };
		3B3A23941A34BBBC00A7CAE1 /* Info.plist */ = {isa = PBXFileReference; lastKnownFileType = text.plist.xml; path = Info.plist; sourceTree = "<group>"; };
		3B3A23951A34BBBC00A7CAE1 /* scancardTests.m */ = {isa = PBXFileReference; lastKnownFileType = sourcecode.c.objc; path = scancardTests.m; sourceTree = "<group>"; };
		3B3A239F1A34BCCE00A7CAE1 /* ScanController.h */ = {isa = PBXFileReference; fileEncoding = 4; lastKnownFileType = sourcecode.c.h; path = ScanController.h; sourceTree = "<group>"; };
		3B3A23A01A34BCCE00A7CAE1 /* ScanController.m */ = {isa = PBXFileReference; fileEncoding = 4; lastKnownFileType = sourcecode.c.objc; path = ScanController.m; sourceTree = "<group>"; };
/* End PBXFileReference section */

/* Begin PBXFrameworksBuildPhase section */
		3B3A23731A34BBBC00A7CAE1 /* Frameworks */ = {
			isa = PBXFrameworksBuildPhase;
			buildActionMask = 2147483647;
			files = (
			);
			runOnlyForDeploymentPostprocessing = 0;
		};
		3B3A238C1A34BBBC00A7CAE1 /* Frameworks */ = {
			isa = PBXFrameworksBuildPhase;
			buildActionMask = 2147483647;
			files = (
			);
			runOnlyForDeploymentPostprocessing = 0;
		};
/* End PBXFrameworksBuildPhase section */

/* Begin PBXGroup section */
		3B3A236D1A34BBBC00A7CAE1 = {
			isa = PBXGroup;
			children = (
				3B3A23781A34BBBC00A7CAE1 /* scancard */,
				3B3A23921A34BBBC00A7CAE1 /* scancardTests */,
				3B3A23771A34BBBC00A7CAE1 /* Products */,
			);
			sourceTree = "<group>";
		};
		3B3A23771A34BBBC00A7CAE1 /* Products */ = {
			isa = PBXGroup;
			children = (
				3B3A23761A34BBBC00A7CAE1 /* scancard.app */,
				3B3A238F1A34BBBC00A7CAE1 /* scancardTests.xctest */,
			);
			name = Products;
			sourceTree = "<group>";
		};
		3B3A23781A34BBBC00A7CAE1 /* scancard */ = {
			isa = PBXGroup;
			children = (
				3B3A237D1A34BBBC00A7CAE1 /* AppDelegate.h */,
				3B3A237E1A34BBBC00A7CAE1 /* AppDelegate.m */,
				3B3A23801A34BBBC00A7CAE1 /* ViewController.h */,
				3B3A23811A34BBBC00A7CAE1 /* ViewController.m */,
				3B3A23831A34BBBC00A7CAE1 /* Main.storyboard */,
				3B3A23861A34BBBC00A7CAE1 /* Images.xcassets */,
				3B3A23881A34BBBC00A7CAE1 /* LaunchScreen.xib */,
				3B3A23791A34BBBC00A7CAE1 /* Supporting Files */,
				3B3A239F1A34BCCE00A7CAE1 /* ScanController.h */,
				3B3A23A01A34BCCE00A7CAE1 /* ScanController.m */,
			);
			path = scancard;
			sourceTree = "<group>";
		};
		3B3A23791A34BBBC00A7CAE1 /* Supporting Files */ = {
			isa = PBXGroup;
			children = (
				3B3A237A1A34BBBC00A7CAE1 /* Info.plist */,
				3B3A237B1A34BBBC00A7CAE1 /* main.m */,
			);
			name = "Supporting Files";
			sourceTree = "<group>";
		};
		3B3A23921A34BBBC00A7CAE1 /* scancardTests */ = {
			isa = PBXGroup;
			children = (
				3B3A23951A34BBBC00A7CAE1 /* scancardTests.m */,
				3B3A23931A34BBBC00A7CAE1 /* Supporting Files */,
			);
			path = scancardTests;
			sourceTree = "<group>";
		};
		3B3A23931A34BBBC00A7CAE1 /* Supporting Files */ = {
			isa = PBXGroup;
			children = (
				3B3A23941A34BBBC00A7CAE1 /* Info.plist */,
			);
			name = "Supporting Files";
			sourceTree = "<group>";
		};
/* End PBXGroup section */

/* Begin PBXNativeTarget section */
		3B3A23751A34BBBC00A7CAE1 /* scancard */ = {
			isa = PBXNativeTarget;
			buildConfigurationList = 3B3A23991A34BBBC00A7CAE1 /* Build configuration list for PBXNativeTarget "scancard" */;
			buildPhases = (
				3B3A23721A34BBBC00A7CAE1 /* Sources */,
				3B3A23731A34BBBC00A7CAE1 /* Frameworks */,
				3B3A23741A34BBBC00A7CAE1 /* Resources */,
			);
			buildRules = (
			);
			dependencies = (
			);
			name = scancard;
			productName = scancard;
			productReference = 3B3A23761A34BBBC00A7CAE1 /* scancard.app */;
			productType = "com.apple.product-type.application";
		};
		3B3A238E1A34BBBC00A7CAE1 /* scancardTests */ = {
			isa = PBXNativeTarget;
			buildConfigurationList = 3B3A239C1A34BBBC00A7CAE1 /* Build configuration list for PBXNativeTarget "scancardTests" */;
			buildPhases = (
				3B3A238B1A34BBBC00A7CAE1 /* Sources */,
				3B3A238C1A34BBBC00A7CAE1 /* Frameworks */,
				3B3A238D1A34BBBC00A7CAE1 /* Resources */,
			);
			buildRules = (
			);
			dependencies = (
				3B3A23911A34BBBC00A7CAE1 /* PBXTargetDependency */,
			);
			name = scancardTests;
			productName = scancardTests;
			productReference = 3B3A238F1A34BBBC00A7CAE1 /* scancardTests.xctest */;
			productType = "com.apple.product-type.bundle.unit-test";
		};
/* End PBXNativeTarget section */

/* Begin PBXProject section */
		3B3A236E1A34BBBC00A7CAE1 /* Project object */ = {
			isa = PBXProject;
			attributes = {
				LastUpgradeCheck = 0600;
				ORGANIZATIONNAME = "Russell Hill";
				TargetAttributes = {
					3B3A23751A34BBBC00A7CAE1 = {
						CreatedOnToolsVersion = 6.0;
					};
					3B3A238E1A34BBBC00A7CAE1 = {
						CreatedOnToolsVersion = 6.0;
						TestTargetID = 3B3A23751A34BBBC00A7CAE1;
					};
				};
			};
			buildConfigurationList = 3B3A23711A34BBBC00A7CAE1 /* Build configuration list for PBXProject "scancard" */;
			compatibilityVersion = "Xcode 3.2";
			developmentRegion = English;
			hasScannedForEncodings = 0;
			knownRegions = (
				en,
				Base,
			);
			mainGroup = 3B3A236D1A34BBBC00A7CAE1;
			productRefGroup = 3B3A23771A34BBBC00A7CAE1 /* Products */;
			projectDirPath = "";
			projectRoot = "";
			targets = (
				3B3A23751A34BBBC00A7CAE1 /* scancard */,
				3B3A238E1A34BBBC00A7CAE1 /* scancardTests */,
			);
		};
/* End PBXProject section */

/* Begin PBXResourcesBuildPhase section */
		3B3A23741A34BBBC00A7CAE1 /* Resources */ = {
			isa = PBXResourcesBuildPhase;
			buildActionMask = 2147483647;
			files = (
				3B3A23851A34BBBC00A7CAE1 /* Main.storyboard in Resources */,
				3B3A238A1A34BBBC00A7CAE1 /* LaunchScreen.xib in Resources */,
				3B3A23871A34BBBC00A7CAE1 /* Images.xcassets in Resources */,
			);
			runOnlyForDeploymentPostprocessing = 0;
		};
		3B3A238D1A34BBBC00A7CAE1 /* Resources */ = {
			isa = PBXResourcesBuildPhase;
			buildActionMask = 2147483647;
			files = (
			);
			runOnlyForDeploymentPostprocessing = 0;
		};
/* End PBXResourcesBuildPhase section */

/* Begin PBXSourcesBuildPhase section */
		3B3A23721A34BBBC00A7CAE1 /* Sources */ = {
			isa = PBXSourcesBuildPhase;
			buildActionMask = 2147483647;
			files = (
				3B3A23A11A34BCCE00A7CAE1 /* ScanController.m in Sources */,
				3B3A23821A34BBBC00A7CAE1 /* ViewController.m in Sources */,
				3B3A237F1A34BBBC00A7CAE1 /* AppDelegate.m in Sources */,
				3B3A237C1A34BBBC00A7CAE1 /* main.m in Sources */,
			);
			runOnlyForDeploymentPostprocessing = 0;
		};
		3B3A238B1A34BBBC00A7CAE1 /* Sources */ = {
			isa = PBXSourcesBuildPhase;
			buildActionMask = 2147483647;
			files = (
				3B3A23961A34BBBC00A7CAE1 /* scancardTests.m in Sources */,
			);
			runOnlyForDeploymentPostprocessing = 0;
		};
/* End PBXSourcesBuildPhase section */

/* Begin PBXTargetDependency section */
		3B3A23911A34BBBC00A7CAE1 /* PBXTargetDependency */ = {
			isa = PBXTargetDependency;
			target = 3B3A23751A34BBBC00A7CAE1 /* scancard */;
			targetProxy = 3B3A23901A34BBBC00A7CAE1 /* PBXContainerItemProxy */;
		};
/* End PBXTargetDependency section */

/* Begin PBXVariantGroup section */
		3B3A23831A34BBBC00A7CAE1 /* Main.storyboard */ = {
			isa = PBXVariantGroup;
			children = (
				3B3A23841A34BBBC00A7CAE1 /* Base */,
			);
			name = Main.storyboard;
			sourceTree = "<group>";
		};
		3B3A23881A34BBBC00A7CAE1 /* LaunchScreen.xib */ = {
			isa = PBXVariantGroup;
			children = (
				3B3A23891A34BBBC00A7CAE1 /* Base */,
			);
			name = LaunchScreen.xib;
			sourceTree = "<group>";
		};
/* End PBXVariantGroup section */

/* Begin XCBuildConfiguration section */
		3B3A23971A34BBBC00A7CAE1 /* Debug */ = {
			isa = XCBuildConfiguration;
			buildSettings = {
				ALWAYS_SEARCH_USER_PATHS = NO;
				CLANG_CXX_LANGUAGE_STANDARD = "gnu++0x";
				CLANG_CXX_LIBRARY = "libc++";
				CLANG_ENABLE_MODULES = YES;
				CLANG_ENABLE_OBJC_ARC = YES;
				CLANG_WARN_BOOL_CONVERSION = YES;
				CLANG_WARN_CONSTANT_CONVERSION = YES;
				CLANG_WARN_DIRECT_OBJC_ISA_USAGE = YES_ERROR;
				CLANG_WARN_EMPTY_BODY = YES;
				CLANG_WARN_ENUM_CONVERSION = YES;
				CLANG_WARN_INT_CONVERSION = YES;
				CLANG_WARN_OBJC_ROOT_CLASS = YES_ERROR;
				CLANG_WARN_UNREACHABLE_CODE = YES;
				CLANG_WARN__DUPLICATE_METHOD_MATCH = YES;
				"CODE_SIGN_IDENTITY[sdk=iphoneos*]" = "iPhone Developer";
				COPY_PHASE_STRIP = NO;
				ENABLE_STRICT_OBJC_MSGSEND = YES;
				GCC_C_LANGUAGE_STANDARD = gnu99;
				GCC_DYNAMIC_NO_PIC = NO;
				GCC_OPTIMIZATION_LEVEL = 0;
				GCC_PREPROCESSOR_DEFINITIONS = (
					"DEBUG=1",
					"$(inherited)",
				);
				GCC_SYMBOLS_PRIVATE_EXTERN = NO;
				GCC_WARN_64_TO_32_BIT_CONVERSION = YES;
				GCC_WARN_ABOUT_RETURN_TYPE = YES_ERROR;
				GCC_WARN_UNDECLARED_SELECTOR = YES;
				GCC_WARN_UNINITIALIZED_AUTOS = YES_AGGRESSIVE;
				GCC_WARN_UNUSED_FUNCTION = YES;
				GCC_WARN_UNUSED_VARIABLE = YES;
				IPHONEOS_DEPLOYMENT_TARGET = 8.0;
				MTL_ENABLE_DEBUG_INFO = YES;
				ONLY_ACTIVE_ARCH = YES;
				SDKROOT = iphoneos;
			};
			name = Debug;
		};
		3B3A23981A34BBBC00A7CAE1 /* Release */ = {
			isa = XCBuildConfiguration;
			buildSettings = {
				ALWAYS_SEARCH_USER_PATHS = NO;
				CLANG_CXX_LANGUAGE_STANDARD = "gnu++0x";
				CLANG_CXX_LIBRARY = "libc++";
				CLANG_ENABLE_MODULES = YES;
				CLANG_ENABLE_OBJC_ARC = YES;
				CLANG_WARN_BOOL_CONVERSION = YES;
				CLANG_WARN_CONSTANT_CONVERSION = YES;
				CLANG_WARN_DIRECT_OBJC_ISA_USAGE = YES_ERROR;
				CLANG_WARN_EMPTY_BODY = YES;
				CLANG_WARN_ENUM_CONVERSION = YES;
				CLANG_WARN_INT_CONVERSION = YES;
				CLANG_WARN_OBJC_ROOT_CLASS = YES_ERROR;
				CLANG_WARN_UNREACHABLE_CODE = YES;
				CLANG_WARN__DUPLICATE_METHOD_MATCH = YES;
				"CODE_SIGN_IDENTITY[sdk=iphoneos*]" = "iPhone Developer";
				COPY_PHASE_STRIP = YES;
				ENABLE_NS_ASSERTIONS = NO;
				ENABLE_STRICT_OBJC_MSGSEND = YES;
				GCC_C_LANGUAGE_STANDARD = gnu99;
				GCC_WARN_64_TO_32_BIT_CONVERSION = YES;
				GCC_WARN_ABOUT_RETURN_TYPE = YES_ERROR;
				GCC_WARN_UNDECLARED_SELECTOR = YES;
				GCC_WARN_UNINITIALIZED_AUTOS = YES_AGGRESSIVE;
				GCC_WARN_UNUSED_FUNCTION = YES;
				GCC_WARN_UNUSED_VARIABLE = YES;
				IPHONEOS_DEPLOYMENT_TARGET = 8.0;
				MTL_ENABLE_DEBUG_INFO = NO;
				SDKROOT = iphoneos;
				VALIDATE_PRODUCT = YES;
			};
			name = Release;
		};
		3B3A239A1A34BBBC00A7CAE1 /* Debug */ = {
			isa = XCBuildConfiguration;
			buildSettings = {
				ASSETCATALOG_COMPILER_APPICON_NAME = AppIcon;
				INFOPLIST_FILE = scancard/Info.plist;
				LD_RUNPATH_SEARCH_PATHS = "$(inherited) @executable_path/Frameworks";
				PRODUCT_NAME = "$(TARGET_NAME)";
			};
			name = Debug;
		};
		3B3A239B1A34BBBC00A7CAE1 /* Release */ = {
			isa = XCBuildConfiguration;
			buildSettings = {
				ASSETCATALOG_COMPILER_APPICON_NAME = AppIcon;
				INFOPLIST_FILE = scancard/Info.plist;
				LD_RUNPATH_SEARCH_PATHS = "$(inherited) @executable_path/Frameworks";
				PRODUCT_NAME = "$(TARGET_NAME)";
			};
			name = Release;
		};
		3B3A239D1A34BBBC00A7CAE1 /* Debug */ = {
			isa = XCBuildConfiguration;
			buildSettings = {
				BUNDLE_LOADER = "$(TEST_HOST)";
				FRAMEWORK_SEARCH_PATHS = (
					"$(SDKROOT)/Developer/Library/Frameworks",
					"$(inherited)",
				);
				GCC_PREPROCESSOR_DEFINITIONS = (
					"DEBUG=1",
					"$(inherited)",
				);
				INFOPLIST_FILE = scancardTests/Info.plist;
				LD_RUNPATH_SEARCH_PATHS = "$(inherited) @executable_path/Frameworks @loader_path/Frameworks";
				PRODUCT_NAME = "$(TARGET_NAME)";
				TEST_HOST = "$(BUILT_PRODUCTS_DIR)/scancard.app/scancard";
			};
			name = Debug;
		};
		3B3A239E1A34BBBC00A7CAE1 /* Release */ = {
			isa = XCBuildConfiguration;
			buildSettings = {
				BUNDLE_LOADER = "$(TEST_HOST)";
				FRAMEWORK_SEARCH_PATHS = (
					"$(SDKROOT)/Developer/Library/Frameworks",
					"$(inherited)",
				);
				INFOPLIST_FILE = scancardTests/Info.plist;
				LD_RUNPATH_SEARCH_PATHS = "$(inherited) @executable_path/Frameworks @loader_path/Frameworks";
				PRODUCT_NAME = "$(TARGET_NAME)";
				TEST_HOST = "$(BUILT_PRODUCTS_DIR)/scancard.app/scancard";
			};
			name = Release;
		};
/* End XCBuildConfiguration section */

/* Begin XCConfigurationList section */
		3B3A23711A34BBBC00A7CAE1 /* Build configuration list for PBXProject "scancard" */ = {
			isa = XCConfigurationList;
			buildConfigurations = (
				3B3A23971A34BBBC00A7CAE1 /* Debug */,
				3B3A23981A34BBBC00A7CAE1 /* Release */,
			);
			defaultConfigurationIsVisible = 0;
			defaultConfigurationName = Release;
		};
		3B3A23991A34BBBC00A7CAE1 /* Build configuration list for PBXNativeTarget "scancard" */ = {
			isa = XCConfigurationList;
			buildConfigurations = (
				3B3A239A1A34BBBC00A7CAE1 /* Debug */,
				3B3A239B1A34BBBC00A7CAE1 /* Release */,
			);
			defaultConfigurationIsVisible = 0;
			defaultConfigurationName = Release;
		};
		3B3A239C1A34BBBC00A7CAE1 /* Build configuration list for PBXNativeTarget "scancardTests" */ = {
			isa = XCConfigurationList;
			buildConfigurations = (
				3B3A239D1A34BBBC00A7CAE1 /* Debug */,
				3B3A239E1A34BBBC00A7CAE1 /* Release */,
			);
			defaultConfigurationIsVisible = 0;
			defaultConfigurationName = Release;
		};
/* End XCConfigurationList section */
	};
	rootObject = 3B3A236E1A34BBBC00A7CAE1 /* Project object */;
}
